// !$*UTF8*$!
{
	archiveVersion = 1;
	classes = {
	};
	objectVersion = 50;
	objects = {

/* Begin PBXBuildFile section */
		C6CA70F024EC04D300F1D10E /* AppDelegate.swift in Sources */ = {isa = PBXBuildFile; fileRef = C6CA70EF24EC04D300F1D10E /* AppDelegate.swift */; };
		C6CA70F224EC04D300F1D10E /* SceneDelegate.swift in Sources */ = {isa = PBXBuildFile; fileRef = C6CA70F124EC04D300F1D10E /* SceneDelegate.swift */; };
		C6CA70F424EC04D300F1D10E /* ViewController.swift in Sources */ = {isa = PBXBuildFile; fileRef = C6CA70F324EC04D300F1D10E /* ViewController.swift */; };
		C6CA70F724EC04D300F1D10E /* Main.storyboard in Resources */ = {isa = PBXBuildFile; fileRef = C6CA70F524EC04D300F1D10E /* Main.storyboard */; };
		C6CA70F924EC04D900F1D10E /* Assets.xcassets in Resources */ = {isa = PBXBuildFile; fileRef = C6CA70F824EC04D900F1D10E /* Assets.xcassets */; };
		C6CA70FC24EC04D900F1D10E /* LaunchScreen.storyboard in Resources */ = {isa = PBXBuildFile; fileRef = C6CA70FA24EC04D900F1D10E /* LaunchScreen.storyboard */; };
/* End PBXBuildFile section */

/* Begin PBXFileReference section */
		C6CA70EC24EC04D300F1D10E /* 0818practice2.app */ = {isa = PBXFileReference; explicitFileType = wrapper.application; includeInIndex = 0; path = 0818practice2.app; sourceTree = BUILT_PRODUCTS_DIR; };
		C6CA70EF24EC04D300F1D10E /* AppDelegate.swift */ = {isa = PBXFileReference; lastKnownFileType = sourcecode.swift; path = AppDelegate.swift; sourceTree = "<group>"; };
		C6CA70F124EC04D300F1D10E /* SceneDelegate.swift */ = {isa = PBXFileReference; lastKnownFileType = sourcecode.swift; path = SceneDelegate.swift; sourceTree = "<group>"; };
		C6CA70F324EC04D300F1D10E /* ViewController.swift */ = {isa = PBXFileReference; lastKnownFileType = sourcecode.swift; path = ViewController.swift; sourceTree = "<group>"; };
		C6CA70F624EC04D300F1D10E /* Base */ = {isa = PBXFileReference; lastKnownFileType = file.storyboard; name = Base; path = Base.lproj/Main.storyboard; sourceTree = "<group>"; };
		C6CA70F824EC04D900F1D10E /* Assets.xcassets */ = {isa = PBXFileReference; lastKnownFileType = folder.assetcatalog; path = Assets.xcassets; sourceTree = "<group>"; };
		C6CA70FB24EC04D900F1D10E /* Base */ = {isa = PBXFileReference; lastKnownFileType = file.storyboard; name = Base; path = Base.lproj/LaunchScreen.storyboard; sourceTree = "<group>"; };
		C6CA70FD24EC04D900F1D10E /* Info.plist */ = {isa = PBXFileReference; lastKnownFileType = text.plist.xml; path = Info.plist; sourceTree = "<group>"; };
/* End PBXFileReference section */

/* Begin PBXFrameworksBuildPhase section */
		C6CA70E924EC04D300F1D10E /* Frameworks */ = {
			isa = PBXFrameworksBuildPhase;
			buildActionMask = 2147483647;
			files = (
			);
			runOnlyForDeploymentPostprocessing = 0;
		};
/* End PBXFrameworksBuildPhase section */

/* Begin PBXGroup section */
		C6CA70E324EC04D300F1D10E = {
			isa = PBXGroup;
			children = (
				C6CA70EE24EC04D300F1D10E /* 0818practice2 */,
				C6CA70ED24EC04D300F1D10E /* Products */,
			);
			sourceTree = "<group>";
		};
		C6CA70ED24EC04D300F1D10E /* Products */ = {
			isa = PBXGroup;
			children = (
				C6CA70EC24EC04D300F1D10E /* 0818practice2.app */,
			);
			name = Products;
			sourceTree = "<group>";
		};
		C6CA70EE24EC04D300F1D10E /* 0818practice2 */ = {
			isa = PBXGroup;
			children = (
				C6CA70EF24EC04D300F1D10E /* AppDelegate.swift */,
				C6CA70F124EC04D300F1D10E /* SceneDelegate.swift */,
				C6CA70F324EC04D300F1D10E /* ViewController.swift */,
				C6CA70F524EC04D300F1D10E /* Main.storyboard */,
				C6CA70F824EC04D900F1D10E /* Assets.xcassets */,
				C6CA70FA24EC04D900F1D10E /* LaunchScreen.storyboard */,
				C6CA70FD24EC04D900F1D10E /* Info.plist */,
			);
			path = 0818practice2;
			sourceTree = "<group>";
		};
/* End PBXGroup section */

/* Begin PBXNativeTarget section */
		C6CA70EB24EC04D300F1D10E /* 0818practice2 */ = {
			isa = PBXNativeTarget;
			buildConfigurationList = C6CA710024EC04D900F1D10E /* Build configuration list for PBXNativeTarget "0818practice2" */;
			buildPhases = (
				C6CA70E824EC04D300F1D10E /* Sources */,
				C6CA70E924EC04D300F1D10E /* Frameworks */,
				C6CA70EA24EC04D300F1D10E /* Resources */,
			);
			buildRules = (
			);
			dependencies = (
			);
			name = 0818practice2;
			productName = 0818practice2;
			productReference = C6CA70EC24EC04D300F1D10E /* 0818practice2.app */;
			productType = "com.apple.product-type.application";
		};
/* End PBXNativeTarget section */

/* Begin PBXProject section */
		C6CA70E424EC04D300F1D10E /* Project object */ = {
			isa = PBXProject;
			attributes = {
				LastSwiftUpdateCheck = 1200;
				LastUpgradeCheck = 1200;
				TargetAttributes = {
					C6CA70EB24EC04D300F1D10E = {
						CreatedOnToolsVersion = 12.0;
					};
				};
			};
			buildConfigurationList = C6CA70E724EC04D300F1D10E /* Build configuration list for PBXProject "0818practice2" */;
			compatibilityVersion = "Xcode 9.3";
			developmentRegion = en;
			hasScannedForEncodings = 0;
			knownRegions = (
				en,
				Base,
			);
			mainGroup = C6CA70E324EC04D300F1D10E;
			productRefGroup = C6CA70ED24EC04D300F1D10E /* Products */;
			projectDirPath = "";
			projectRoot = "";
			targets = (
				C6CA70EB24EC04D300F1D10E /* 0818practice2 */,
			);
		};
/* End PBXProject section */

/* Begin PBXResourcesBuildPhase section */
		C6CA70EA24EC04D300F1D10E /* Resources */ = {
			isa = PBXResourcesBuildPhase;
			buildActionMask = 2147483647;
			files = (
				C6CA70FC24EC04D900F1D10E /* LaunchScreen.storyboard in Resources */,
				C6CA70F924EC04D900F1D10E /* Assets.xcassets in Resources */,
				C6CA70F724EC04D300F1D10E /* Main.storyboard in Resources */,
			);
			runOnlyForDeploymentPostprocessing = 0;
		};
/* End PBXResourcesBuildPhase section */

/* Begin PBXSourcesBuildPhase section */
		C6CA70E824EC04D300F1D10E /* Sources */ = {
			isa = PBXSourcesBuildPhase;
			buildActionMask = 2147483647;
			files = (
				C6CA70F424EC04D300F1D10E /* ViewController.swift in Sources */,
				C6CA70F024EC04D300F1D10E /* AppDelegate.swift in Sources */,
				C6CA70F224EC04D300F1D10E /* SceneDelegate.swift in Sources */,
			);
			runOnlyForDeploymentPostprocessing = 0;
		};
/* End PBXSourcesBuildPhase section */

/* Begin PBXVariantGroup section */
		C6CA70F524EC04D300F1D10E /* Main.storyboard */ = {
			isa = PBXVariantGroup;
			children = (
				C6CA70F624EC04D300F1D10E /* Base */,
			);
			name = Main.storyboard;
			sourceTree = "<group>";
		};
		C6CA70FA24EC04D900F1D10E /* LaunchScreen.storyboard */ = {
			isa = PBXVariantGroup;
			children = (
				C6CA70FB24EC04D900F1D10E /* Base */,
			);
			name = LaunchScreen.storyboard;
			sourceTree = "<group>";
		};
/* End PBXVariantGroup section */

/* Begin XCBuildConfiguration section */
		C6CA70FE24EC04D900F1D10E /* Debug */ = {
			isa = XCBuildConfiguration;
			buildSettings = {
				ALWAYS_SEARCH_USER_PATHS = NO;
				CLANG_ANALYZER_NONNULL = YES;
				CLANG_ANALYZER_NUMBER_OBJECT_CONVERSION = YES_AGGRESSIVE;
				CLANG_CXX_LANGUAGE_STANDARD = "gnu++14";
				CLANG_CXX_LIBRARY = "libc++";
				CLANG_ENABLE_MODULES = YES;
				CLANG_ENABLE_OBJC_ARC = YES;
				CLANG_ENABLE_OBJC_WEAK = YES;
				CLANG_WARN_BLOCK_CAPTURE_AUTORELEASING = YES;
				CLANG_WARN_BOOL_CONVERSION = YES;
				CLANG_WARN_COMMA = YES;
				CLANG_WARN_CONSTANT_CONVERSION = YES;
				CLANG_WARN_DEPRECATED_OBJC_IMPLEMENTATIONS = YES;
				CLANG_WARN_DIRECT_OBJC_ISA_USAGE = YES_ERROR;
				CLANG_WARN_DOCUMENTATION_COMMENTS = YES;
				CLANG_WARN_EMPTY_BODY = YES;
				CLANG_WARN_ENUM_CONVERSION = YES;
				CLANG_WARN_INFINITE_RECURSION = YES;
				CLANG_WARN_INT_CONVERSION = YES;
				CLANG_WARN_NON_LITERAL_NULL_CONVERSION = YES;
				CLANG_WARN_OBJC_IMPLICIT_RETAIN_SELF = YES;
				CLANG_WARN_OBJC_LITERAL_CONVERSION = YES;
				CLANG_WARN_OBJC_ROOT_CLASS = YES_ERROR;
				CLANG_WARN_QUOTED_INCLUDE_IN_FRAMEWORK_HEADER = YES;
				CLANG_WARN_RANGE_LOOP_ANALYSIS = YES;
				CLANG_WARN_STRICT_PROTOTYPES = YES;
				CLANG_WARN_SUSPICIOUS_MOVE = YES;
				CLANG_WARN_UNGUARDED_AVAILABILITY = YES_AGGRESSIVE;
				CLANG_WARN_UNREACHABLE_CODE = YES;
				CLANG_WARN__DUPLICATE_METHOD_MATCH = YES;
				COPY_PHASE_STRIP = NO;
				DEBUG_INFORMATION_FORMAT = dwarf;
				ENABLE_STRICT_OBJC_MSGSEND = YES;
				ENABLE_TESTABILITY = YES;
				GCC_C_LANGUAGE_STANDARD = gnu11;
				GCC_DYNAMIC_NO_PIC = NO;
				GCC_NO_COMMON_BLOCKS = YES;
				GCC_OPTIMIZATION_LEVEL = 0;
				GCC_PREPROCESSOR_DEFINITIONS = (
					"DEBUG=1",
					"$(inherited)",
				);
				GCC_WARN_64_TO_32_BIT_CONVERSION = YES;
				GCC_WARN_ABOUT_RETURN_TYPE = YES_ERROR;
				GCC_WARN_UNDECLARED_SELECTOR = YES;
				GCC_WARN_UNINITIALIZED_AUTOS = YES_AGGRESSIVE;
				GCC_WARN_UNUSED_FUNCTION = YES;
				GCC_WARN_UNUSED_VARIABLE = YES;
				IPHONEOS_DEPLOYMENT_TARGET = 14.0;
				MTL_ENABLE_DEBUG_INFO = INCLUDE_SOURCE;
				MTL_FAST_MATH = YES;
				ONLY_ACTIVE_ARCH = YES;
				SDKROOT = iphoneos;
				SWIFT_ACTIVE_COMPILATION_CONDITIONS = DEBUG;
				SWIFT_OPTIMIZATION_LEVEL = "-Onone";
			};
			name = Debug;
		};
		C6CA70FF24EC04D900F1D10E /* Release */ = {
			isa = XCBuildConfiguration;
			buildSettings = {
				ALWAYS_SEARCH_USER_PATHS = NO;
				CLANG_ANALYZER_NONNULL = YES;
				CLANG_ANALYZER_NUMBER_OBJECT_CONVERSION = YES_AGGRESSIVE;
				CLANG_CXX_LANGUAGE_STANDARD = "gnu++14";
				CLANG_CXX_LIBRARY = "libc++";
				CLANG_ENABLE_MODULES = YES;
				CLANG_ENABLE_OBJC_ARC = YES;
				CLANG_ENABLE_OBJC_WEAK = YES;
				CLANG_WARN_BLOCK_CAPTURE_AUTORELEASING = YES;
				CLANG_WARN_BOOL_CONVERSION = YES;
				CLANG_WARN_COMMA = YES;
				CLANG_WARN_CONSTANT_CONVERSION = YES;
				CLANG_WARN_DEPRECATED_OBJC_IMPLEMENTATIONS = YES;
				CLANG_WARN_DIRECT_OBJC_ISA_USAGE = YES_ERROR;
				CLANG_WARN_DOCUMENTATION_COMMENTS = YES;
				CLANG_WARN_EMPTY_BODY = YES;
				CLANG_WARN_ENUM_CONVERSION = YES;
				CLANG_WARN_INFINITE_RECURSION = YES;
				CLANG_WARN_INT_CONVERSION = YES;
				CLANG_WARN_NON_LITERAL_NULL_CONVERSION = YES;
				CLANG_WARN_OBJC_IMPLICIT_RETAIN_SELF = YES;
				CLANG_WARN_OBJC_LITERAL_CONVERSION = YES;
				CLANG_WARN_OBJC_ROOT_CLASS = YES_ERROR;
				CLANG_WARN_QUOTED_INCLUDE_IN_FRAMEWORK_HEADER = YES;
				CLANG_WARN_RANGE_LOOP_ANALYSIS = YES;
				CLANG_WARN_STRICT_PROTOTYPES = YES;
				CLANG_WARN_SUSPICIOUS_MOVE = YES;
				CLANG_WARN_UNGUARDED_AVAILABILITY = YES_AGGRESSIVE;
				CLANG_WARN_UNREACHABLE_CODE = YES;
				CLANG_WARN__DUPLICATE_METHOD_MATCH = YES;
				COPY_PHASE_STRIP = NO;
				DEBUG_INFORMATION_FORMAT = "dwarf-with-dsym";
				ENABLE_NS_ASSERTIONS = NO;
				ENABLE_STRICT_OBJC_MSGSEND = YES;
				GCC_C_LANGUAGE_STANDARD = gnu11;
				GCC_NO_COMMON_BLOCKS = YES;
				GCC_WARN_64_TO_32_BIT_CONVERSION = YES;
				GCC_WARN_ABOUT_RETURN_TYPE = YES_ERROR;
				GCC_WARN_UNDECLARED_SELECTOR = YES;
				GCC_WARN_UNINITIALIZED_AUTOS = YES_AGGRESSIVE;
				GCC_WARN_UNUSED_FUNCTION = YES;
				GCC_WARN_UNUSED_VARIABLE = YES;
				IPHONEOS_DEPLOYMENT_TARGET = 14.0;
				MTL_ENABLE_DEBUG_INFO = NO;
				MTL_FAST_MATH = YES;
				SDKROOT = iphoneos;
				SWIFT_COMPILATION_MODE = wholemodule;
				SWIFT_OPTIMIZATION_LEVEL = "-O";
				VALIDATE_PRODUCT = YES;
			};
			name = Release;
		};
		C6CA710124EC04D900F1D10E /* Debug */ = {
			isa = XCBuildConfiguration;
			buildSettings = {
				ASSETCATALOG_COMPILER_APPICON_NAME = AppIcon;
				ASSETCATALOG_COMPILER_GLOBAL_ACCENT_COLOR_NAME = AccentColor;
				CODE_SIGN_STYLE = Automatic;
				DEVELOPMENT_TEAM = Z5UHT48SUW;
				INFOPLIST_FILE = 0818practice2/Info.plist;
				LD_RUNPATH_SEARCH_PATHS = (
					"$(inherited)",
					"@executable_path/Frameworks",
				);
				PRODUCT_BUNDLE_IDENTIFIER = "com.jy.-818practice2";
				PRODUCT_NAME = "$(TARGET_NAME)";
				SWIFT_VERSION = 5.0;
				TARGETED_DEVICE_FAMILY = "1,2";
			};
			name = Debug;
		};
		C6CA710224EC04D900F1D10E /* Release */ = {
			isa = XCBuildConfiguration;
			buildSettings = {
				ASSETCATALOG_COMPILER_APPICON_NAME = AppIcon;
				ASSETCATALOG_COMPILER_GLOBAL_ACCENT_COLOR_NAME = AccentColor;
				CODE_SIGN_STYLE = Automatic;
				DEVELOPMENT_TEAM = Z5UHT48SUW;
				INFOPLIST_FILE = 0818practice2/Info.plist;
				LD_RUNPATH_SEARCH_PATHS = (
					"$(inherited)",
					"@executable_path/Frameworks",
				);
				PRODUCT_BUNDLE_IDENTIFIER = "com.jy.-818practice2";
				PRODUCT_NAME = "$(TARGET_NAME)";
				SWIFT_VERSION = 5.0;
				TARGETED_DEVICE_FAMILY = "1,2";
			};
			name = Release;
		};
/* End XCBuildConfiguration section */

/* Begin XCConfigurationList section */
		C6CA70E724EC04D300F1D10E /* Build configuration list for PBXProject "0818practice2" */ = {
			isa = XCConfigurationList;
			buildConfigurations = (
				C6CA70FE24EC04D900F1D10E /* Debug */,
				C6CA70FF24EC04D900F1D10E /* Release */,
			);
			defaultConfigurationIsVisible = 0;
			defaultConfigurationName = Release;
		};
		C6CA710024EC04D900F1D10E /* Build configuration list for PBXNativeTarget "0818practice2" */ = {
			isa = XCConfigurationList;
			buildConfigurations = (
				C6CA710124EC04D900F1D10E /* Debug */,
				C6CA710224EC04D900F1D10E /* Release */,
			);
			defaultConfigurationIsVisible = 0;
			defaultConfigurationName = Release;
		};
/* End XCConfigurationList section */
	};
	rootObject = C6CA70E424EC04D300F1D10E /* Project object */;
}
